<?xml version="1.0" encoding="utf-8"?>
<Project ToolsVersion="4.0" xmlns="http://schemas.microsoft.com/developer/msbuild/2003">
  <ItemGroup>
    <Filter Include="Source Files">
      <UniqueIdentifier>{4FC737F1-C7A5-4376-A066-2A32D752A2FF}</UniqueIdentifier>
      <Extensions>cpp;c;cc;cxx;def;odl;idl;hpj;bat;asm;asmx</Extensions>
    </Filter>
    <Filter Include="Header Files">
      <UniqueIdentifier>{93995380-89BD-4b04-88EB-625FBE52EBFB}</UniqueIdentifier>
      <Extensions>h;hh;hpp;hxx;hm;inl;inc;xsd</Extensions>
    </Filter>
    <Filter Include="Resource Files">
      <UniqueIdentifier>{67DA6AB6-F800-4c08-8B7A-83BB121AAD01}</UniqueIdentifier>
      <Extensions>rc;ico;cur;bmp;dlg;rc2;rct;bin;rgs;gif;jpg;jpeg;jpe;resx;tiff;tif;png;wav;mfcribbon-ms</Extensions>
    </Filter>
  </ItemGroup>
  <ItemGroup>
    <ClCompile Include="..\..\mapredo\directory_win32.cpp">
      <Filter>Source Files</Filter>
    </ClCompile>
    <ClCompile Include="..\..\mapredo\engine.cpp">
      <Filter>Source Files</Filter>
    </ClCompile>
    <ClCompile Include="..\..\mapredo\file_merger.cpp">
      <Filter>Source Files</Filter>
    </ClCompile>
    <ClCompile Include="..\..\mapredo\settings.cpp">
      <Filter>Source Files</Filter>
    </ClCompile>
    <ClCompile Include="..\..\mapredo\sorter.cpp">
      <Filter>Source Files</Filter>
    </ClCompile>
    <ClCompile Include="..\..\mapredo\sorter_buffer.cpp">
      <Filter>Source Files</Filter>
    </ClCompile>
  </ItemGroup>
  <ItemGroup>
    <ClInclude Include="..\..\mapredo\base.h">
      <Filter>Header Files</Filter>
    </ClInclude>
    <ClInclude Include="..\..\mapredo\collector.h">
      <Filter>Header Files</Filter>
    </ClInclude>
    <ClInclude Include="..\..\mapredo\compression.h">
      <Filter>Header Files</Filter>
    </ClInclude>
    <ClInclude Include="..\..\mapredo\config_param.h">
      <Filter>Header Files</Filter>
    </ClInclude>
    <ClInclude Include="..\..\mapredo\configuration.h">
      <Filter>Header Files</Filter>
    </ClInclude>
    <ClInclude Include="..\..\mapredo\data_reader.h">
      <Filter>Header Files</Filter>
    </ClInclude>
    <ClInclude Include="..\..\mapredo\directory_win32.h">
      <Filter>Header Files</Filter>
    </ClInclude>
    <ClInclude Include="..\..\mapredo\engine.h">
      <Filter>Header Files</Filter>
    </ClInclude>
    <ClInclude Include="..\..\mapredo\file_merger.h">
      <Filter>Header Files</Filter>
    </ClInclude>
    <ClInclude Include="..\..\mapredo\lookup.h">
      <Filter>Header Files</Filter>
    </ClInclude>
    <ClInclude Include="..\..\mapredo\mapreducer.h">
      <Filter>Header Files</Filter>
    </ClInclude>
    <ClInclude Include="..\..\mapredo\plugin_loader_win32.h">
      <Filter>Header Files</Filter>
    </ClInclude>
    <ClInclude Include="..\..\mapredo\settings.h">
      <Filter>Header Files</Filter>
    </ClInclude>
    <ClInclude Include="..\..\mapredo\sorter.h">
      <Filter>Header Files</Filter>
    </ClInclude>
    <ClInclude Include="..\..\mapredo\sorter_buffer.h">
      <Filter>Header Files</Filter>
    </ClInclude>
    <ClInclude Include="..\..\mapredo\tmpfile_collector.h">
      <Filter>Header Files</Filter>
    </ClInclude>
    <ClInclude Include="..\..\mapredo\tmpfile_reader.h">
      <Filter>Header Files</Filter>
    </ClInclude>
    <ClInclude Include="..\..\mapredo\valuelist.h">
      <Filter>Header Files</Filter>
    </ClInclude>
  </ItemGroup>
  <ItemGroup>
    <None Include="mapredo.def">
      <Filter>Source Files</Filter>
    </None>
  </ItemGroup>
</Project>